{
  "name": "app",
  "version": "1.0.0",
  "lockfileVersion": 1,
  "requires": true,
  "dependencies": {
    "axios": {
      "version": "0.21.1",
      "resolved": "https://registry.npmjs.org/axios/-/axios-0.21.1.tgz",
      "integrity": "sha512-dKQiRHxGD9PPRIUNIWvZhPTPpl1rf/OxTYKsqKUDjBwYylTvV7SjSHJb9ratfyzM6wCdLCOYLzs73qpg5c4iGA==",
      "requires": {
        "follow-redirects": "^1.10.0"
      },
      "dependencies": {
        "follow-redirects": {
          "version": "1.13.1",
          "resolved": "https://registry.npmjs.org/follow-redirects/-/follow-redirects-1.13.1.tgz",
          "integrity": "sha512-SSG5xmZh1mkPGyKzjZP8zLjltIfpW32Y5QpdNJyjcfGxK3qo3NDDkZOZSFiGn1A6SclQxY9GzEwAHQ3dmYRWpg=="
        }
      }
    },
    "concurrently": {
      "version": "4.1.0",
      "resolved": "https://registry.npmjs.org/concurrently/-/concurrently-4.1.0.tgz",
      "integrity": "sha512-pwzXCE7qtOB346LyO9eFWpkFJVO3JQZ/qU/feGeaAHiX1M3Rw3zgXKc5cZ8vSH5DGygkjzLFDzA/pwoQDkRNGg=="
    },
    "connect-mongodb-session": {
      "version": "2.1.1",
      "resolved": "https://registry.npmjs.org/connect-mongodb-session/-/connect-mongodb-session-2.1.1.tgz",
      "integrity": "sha512-k8NF+C32tJZuR3sSFfdz56e1NKzxejWlD/X5PVYBIZQ8/dzqkMGTKxcdGXsBreU5M48WZ+vYGrJSruSRTzFu4Q==",
      "dependencies": {
        "mongodb": {
          "version": "3.1.13",
          "resolved": "https://registry.npmjs.org/mongodb/-/mongodb-3.1.13.tgz",
          "integrity": "sha512-sz2dhvBZQWf3LRNDhbd30KHVzdjZx9IKC0L+kSZ/gzYquCF5zPOgGqRz6sSCqYZtKP2ekB4nfLxhGtzGHnIKxA=="
        }
      }
    },
    "cors": {
      "version": "2.8.5",
      "resolved": "https://registry.npmjs.org/cors/-/cors-2.8.5.tgz",
      "integrity": "sha512-KIHbLJqu73RGr/hnbrO9uBeixNGuvSQjul/jdFvS/KFSIH1hWVd1ng7zOHx+YrEfInLG7q4n6GHQ9cDtxv/P6g=="
    },
    "ejs": {
      "version": "2.6.1",
      "resolved": "https://registry.npmjs.org/ejs/-/ejs-2.6.1.tgz",
      "integrity": "sha512-0xy4A/twfrRCnkhfk8ErDi5DqdAsAqeGxht4xkCUrsvhhbQNs7E+4jV0CN7+NKIY0aHE72+XvqtBIXzD31ZbXQ=="
    },
    "express": {
      "version": "4.17.1",
      "resolved": "https://registry.npmjs.org/express/-/express-4.17.1.tgz",
      "integrity": "sha512-mHJ9O79RqluphRrcw2X/GTh3k9tVv8YcoyY4Kkh4WDMUYKRZUq0h1o0w2rrrxBqM7VoeUVqgb27xlEMXTnYt4g=="
    },
    "mongodb": {
      "version": "3.2.6",
      "resolved": "https://registry.npmjs.org/mongodb/-/mongodb-3.2.6.tgz",
      "integrity": "sha512-qnHc4tjEkHKemuzBq9R7ycYnhFE0Dlpt6+n6suoZp2DcDdqviQ+teloJU24fsOw/PLmr75yGk4mRx/YabjDQEQ==",
      "dependencies": {
        "mongodb-core": {
          "version": "3.2.6",
          "resolved": "https://registry.npmjs.org/mongodb-core/-/mongodb-core-3.2.6.tgz",
          "integrity": "sha512-i+XRVjur9D0ywGF7cFebOUnALnbvMHajdNhhl3TQuopW6QDE655G8CpPeERbqSqfa3rOKEUo08lENDIiBIuAvQ=="
        }
      }
    },
    "mongoose": {
      "version": "5.5.11",
      "resolved": "https://registry.npmjs.org/mongoose/-/mongoose-5.5.11.tgz",
      "integrity": "sha512-jLYPk4jYe1N5CNwBcj48tQwQZ5Dc8VsnAjdMiqaKh5+CwU9EqEfuEtYMkFhJLu/LaTA4LN7crFzydGHdlAZtmg==",
      "dependencies": {
        "mongodb": {
          "version": "3.2.5",
          "resolved": "https://registry.npmjs.org/mongodb/-/mongodb-3.2.5.tgz",
          "integrity": "sha512-VEu2nsfFMwWA6q6JVnlJ2kNVwjluU4op2J/YiG1LeI14t9HotLXbg8w3I794BvezC4ZCZ/wBTTdby01txalwwQ=="
        },
        "mongodb-core": {
          "version": "3.2.5",
          "resolved": "https://registry.npmjs.org/mongodb-core/-/mongodb-core-3.2.5.tgz",
          "integrity": "sha512-czmFd/7Cy+PxItL5KewYgkKTJGb2JyC1PdIdLBVGHER4Vsgu/A+fXDDNO+PLuyHNdh7qbH2XyLP4HHAifgBBoQ=="
        },
        "mpath": {
          "version": "0.6.0",
          "resolved": "https://registry.npmjs.org/mpath/-/mpath-0.6.0.tgz",
          "integrity": "sha512-i75qh79MJ5Xo/sbhxrDrPSEG0H/mr1kcZXJ8dH6URU5jD/knFxCVqVC/gVSW7GIXL/9hHWlT9haLbCXWOll3qw=="
        },
        "ms": {
          "version": "2.1.1",
          "resolved": "https://registry.npmjs.org/ms/-/ms-2.1.1.tgz",
          "integrity": "sha512-tgp+dl5cGk28utYktBsrFqA7HKgrhgPsg6Z/EfhWI4gl1Hwq8B/GmY/0oXZ6nF8hDVesS/FpnYaD/kOWhYQvyg=="
        }
      }
    }
  }
}
